# This is a Gradle generated file for dependency locking.
# Manual edits can break the build and are not advised.
# This file is expected to be part of source control.
biz.aQute.bnd:biz.aQute.bnd.annotation:7.1.0=compileClasspath,testCompileClasspath
com.fasterxml.jackson.core:jackson-annotations:2.18.2=runtimeClasspath,testRuntimeClasspath
com.fasterxml.jackson.core:jackson-core:2.18.2=compileClasspath,runtimeClasspath,testCompileClasspath,testRuntimeClasspath
com.fasterxml.jackson.core:jackson-databind:2.18.2=runtimeClasspath,testRuntimeClasspath
com.fasterxml.jackson.dataformat:jackson-dataformat-yaml:2.18.2=runtimeClasspath,testRuntimeClasspath
com.fasterxml.jackson:jackson-bom:2.18.2=compileClasspath,runtimeClasspath,testCompileClasspath,testRuntimeClasspath
com.github.ben-manes.caffeine:caffeine:3.2.2=compileClasspath,runtimeClasspath,testCompileClasspath,testRuntimeClasspath
com.github.spotbugs:spotbugs-annotations:4.8.6=compileClasspath,testCompileClasspath
com.google.code.findbugs:jsr305:3.0.2=compileClasspath,testCompileClasspath
com.google.errorprone:error_prone_annotations:2.40.0=compileClasspath,runtimeClasspath,testCompileClasspath,testRuntimeClasspath
io.netty:netty-buffer:4.2.5.Final=compileClasspath,runtimeClasspath,testCompileClasspath,testRuntimeClasspath
io.netty:netty-codec-base:4.2.5.Final=compileClasspath,runtimeClasspath,testCompileClasspath,testRuntimeClasspath
io.netty:netty-codec-compression:4.2.5.Final=compileClasspath,runtimeClasspath,testCompileClasspath,testRuntimeClasspath
io.netty:netty-codec-dns:4.2.5.Final=compileClasspath,runtimeClasspath,testCompileClasspath,testRuntimeClasspath
io.netty:netty-codec-http2:4.2.5.Final=compileClasspath,runtimeClasspath,testCompileClasspath,testRuntimeClasspath
io.netty:netty-codec-http:4.2.5.Final=compileClasspath,runtimeClasspath,testCompileClasspath,testRuntimeClasspath
io.netty:netty-codec-socks:4.2.5.Final=compileClasspath,runtimeClasspath,testCompileClasspath,testRuntimeClasspath
io.netty:netty-common:4.2.5.Final=compileClasspath,runtimeClasspath,testCompileClasspath,testRuntimeClasspath
io.netty:netty-handler-proxy:4.2.5.Final=compileClasspath,runtimeClasspath,testCompileClasspath,testRuntimeClasspath
io.netty:netty-handler:4.2.5.Final=compileClasspath,runtimeClasspath,testCompileClasspath,testRuntimeClasspath
io.netty:netty-resolver-dns:4.2.5.Final=compileClasspath,runtimeClasspath,testCompileClasspath,testRuntimeClasspath
io.netty:netty-resolver:4.2.5.Final=compileClasspath,runtimeClasspath,testCompileClasspath,testRuntimeClasspath
io.netty:netty-transport-native-unix-common:4.2.5.Final=compileClasspath,runtimeClasspath,testCompileClasspath,testRuntimeClasspath
io.netty:netty-transport:4.2.5.Final=compileClasspath,runtimeClasspath,testCompileClasspath,testRuntimeClasspath
io.reactivex.rxjava3:rxjava:3.0.13=compileClasspath,runtimeClasspath,testCompileClasspath,testRuntimeClasspath
io.vertx:vertx-auth-common:5.0.4=compileClasspath,runtimeClasspath,testCompileClasspath,testRuntimeClasspath
io.vertx:vertx-bridge-common:5.0.4=compileClasspath,runtimeClasspath,testCompileClasspath,testRuntimeClasspath
io.vertx:vertx-config-yaml:5.0.4=compileClasspath,runtimeClasspath,testCompileClasspath,testRuntimeClasspath
io.vertx:vertx-config:5.0.4=compileClasspath,runtimeClasspath,testCompileClasspath,testRuntimeClasspath
io.vertx:vertx-core-logging:5.0.4=compileClasspath,runtimeClasspath,testCompileClasspath,testRuntimeClasspath
io.vertx:vertx-core:5.0.4=compileClasspath,runtimeClasspath,testCompileClasspath,testRuntimeClasspath
io.vertx:vertx-redis-client:5.0.4=compileClasspath,runtimeClasspath,testCompileClasspath,testRuntimeClasspath
io.vertx:vertx-rx-gen:5.0.4=compileClasspath,runtimeClasspath,testCompileClasspath,testRuntimeClasspath
io.vertx:vertx-rx-java3-gen:5.0.4=compileClasspath,runtimeClasspath,testCompileClasspath,testRuntimeClasspath
io.vertx:vertx-rx-java3:5.0.4=compileClasspath,runtimeClasspath,testCompileClasspath,testRuntimeClasspath
io.vertx:vertx-uri-template:5.0.4=compileClasspath,runtimeClasspath,testCompileClasspath,testRuntimeClasspath
io.vertx:vertx-web-client:5.0.4=compileClasspath,runtimeClasspath,testCompileClasspath,testRuntimeClasspath
io.vertx:vertx-web-common:5.0.4=compileClasspath,runtimeClasspath,testCompileClasspath,testRuntimeClasspath
io.vertx:vertx-web:5.0.4=compileClasspath,runtimeClasspath,testCompileClasspath,testRuntimeClasspath
net.bytebuddy:byte-buddy:1.15.11=testCompileClasspath,testRuntimeClasspath
org.apache.logging.log4j:log4j-api:2.25.1=compileClasspath,runtimeClasspath,testCompileClasspath,testRuntimeClasspath
org.apache.logging.log4j:log4j-bom:2.25.1=compileClasspath,runtimeClasspath,testCompileClasspath,testRuntimeClasspath
org.apache.logging.log4j:log4j-core:2.25.1=compileClasspath,runtimeClasspath,testCompileClasspath,testRuntimeClasspath
org.assertj:assertj-core:3.27.4=testCompileClasspath,testRuntimeClasspath
org.jspecify:jspecify:1.0.0=compileClasspath,runtimeClasspath,testCompileClasspath,testRuntimeClasspath
org.osgi:org.osgi.annotation.bundle:2.0.0=compileClasspath,testCompileClasspath
org.osgi:org.osgi.annotation.versioning:1.1.2=compileClasspath,testCompileClasspath
org.osgi:org.osgi.resource:1.0.0=compileClasspath,testCompileClasspath
org.osgi:org.osgi.service.serviceloader:1.0.0=compileClasspath,testCompileClasspath
org.projectlombok:lombok:1.18.40=annotationProcessor,compileClasspath
org.reactivestreams:reactive-streams:1.0.3=compileClasspath,runtimeClasspath,testCompileClasspath,testRuntimeClasspath
org.yaml:snakeyaml:2.0=compileClasspath,testCompileClasspath
org.yaml:snakeyaml:2.3=runtimeClasspath,testRuntimeClasspath
empty=testAnnotationProcessor
